
Microsoft Visual Studio Solution File, Format Version 12.00
# Visual Studio Version 16
VisualStudioVersion = 16.0.29503.13
MinimumVisualStudioVersion = 10.0.40219.1
Project("{FAE04EC0-301F-11D3-BF4B-00C04F79EFBC}") = "File_manager", "File_manager.csproj", "{44EEE0BE-CD6E-4D18-B1A9-9228B3FA5049}"
EndProject
Global
	GlobalSection(SolutionConfigurationPlatforms) = preSolution
		Debug|Any CPU = Debug|Any CPU
		Release|Any CPU = Release|Any CPU
	EndGlobalSection
	GlobalSection(ProjectConfigurationPlatforms) = postSolution
		{44EEE0BE-CD6E-4D18-B1A9-9228B3FA5049}.Debug|Any CPU.ActiveCfg = Debug|Any CPU
		{44EEE0BE-CD6E-4D18-B1A9-9228B3FA5049}.Debug|Any CPU.Build.0 = Debug|Any CPU
		{44EEE0BE-CD6E-4D18-B1A9-9228B3FA5049}.Release|Any CPU.ActiveCfg = Release|Any CPU
		{44EEE0BE-CD6E-4D18-B1A9-9228B3FA5049}.Release|Any CPU.Build.0 = Release|Any CPU
	EndGlobalSection
	GlobalSection(SolutionProperties) = preSolution
		HideSolutionNode = FALSE
	EndGlobalSection
	GlobalSection(ExtensibilityGlobals) = postSolution
		SolutionGuid = {948E23B9-830D-4535-885A-E53A30098B71}
	EndGlobalSection
EndGlobal
